lockfileVersion: '9.0'

settings:
  autoInstallPeers: true
  excludeLinksFromLockfile: false

importers:

  .:
    dependencies:
      next-cookies:
        specifier: ^2.0.3
        version: 2.0.3

packages:

  '@types/cookie@0.3.3':
    resolution: {integrity: sha512-LKVP3cgXBT9RYj+t+9FDKwS5tdI+rPBXaNSkma7hvqy35lc7mAokC2zsqWJH0LaqIt3B962nuYI77hsJoT1gow==}

  cookie@0.4.2:
    resolution: {integrity: sha512-aSWTXFzaKWkvHO1Ny/s+ePFpvKsPnjc551iI41v3ny/ow6tBG5Vd+FuqGNhh1LxOmVzOlGUriIlOaokOvhaStA==}
    engines: {node: '>= 0.6'}

  next-cookies@2.0.3:
    resolution: {integrity: sha512-YVCQzwZx+sz+KqLO4y9niHH9jjz6jajlEQbAKfsYVT6DOfngb/0k5l6vFK4rmpExVug96pGag8OBsdSRL9FZhQ==}

  universal-cookie@4.0.4:
    resolution: {integrity: sha512-lbRVHoOMtItjWbM7TwDLdl8wug7izB0tq3/YVKhT/ahB4VDvWMyvnADfnJI8y6fSvsjh51Ix7lTGC6Tn4rMPhw==}

snapshots:

  '@types/cookie@0.3.3': {}

  cookie@0.4.2: {}

  next-cookies@2.0.3:
    dependencies:
      universal-cookie: 4.0.4

  universal-cookie@4.0.4:
    dependencies:
      '@types/cookie': 0.3.3
      cookie: 0.4.2
